// !$*UTF8*$!
{
	archiveVersion = 1;
	classes = {
	};
	objectVersion = 46;
	objects = {

/* Begin PBXBuildFile section */
		76CD8C63B7AC04A352C7AA60 /* Pods_TreeBlue.framework in Frameworks */ = {isa = PBXBuildFile; fileRef = ACC4F74FC97E8392515FBC9F /* Pods_TreeBlue.framework */; settings = {ATTRIBUTES = (Weak, ); }; };
		D01362041C8EBF3D000A3D9F /* AppDelegate.swift in Sources */ = {isa = PBXBuildFile; fileRef = D01362031C8EBF3D000A3D9F /* AppDelegate.swift */; };
		D01362061C8EBF3D000A3D9F /* ViewController.swift in Sources */ = {isa = PBXBuildFile; fileRef = D01362051C8EBF3D000A3D9F /* ViewController.swift */; };
		D01362091C8EBF3D000A3D9F /* Main.storyboard in Resources */ = {isa = PBXBuildFile; fileRef = D01362071C8EBF3D000A3D9F /* Main.storyboard */; };
		D013620B1C8EBF3D000A3D9F /* Assets.xcassets in Resources */ = {isa = PBXBuildFile; fileRef = D013620A1C8EBF3D000A3D9F /* Assets.xcassets */; };
		D013620E1C8EBF3D000A3D9F /* LaunchScreen.storyboard in Resources */ = {isa = PBXBuildFile; fileRef = D013620C1C8EBF3D000A3D9F /* LaunchScreen.storyboard */; };
		D01362161C8EBF56000A3D9F /* CoreBluetooth.framework in Frameworks */ = {isa = PBXBuildFile; fileRef = D01362151C8EBF56000A3D9F /* CoreBluetooth.framework */; };
		D01362181C8EBF86000A3D9F /* TBDefaults.swift in Sources */ = {isa = PBXBuildFile; fileRef = D01362171C8EBF86000A3D9F /* TBDefaults.swift */; settings = {ASSET_TAGS = (); }; };
		D0D257F31C8ED3F0002CC55E /* BLEEnumExtension.swift in Sources */ = {isa = PBXBuildFile; fileRef = D0D257F21C8ED3EF002CC55E /* BLEEnumExtension.swift */; settings = {ASSET_TAGS = (); }; };
		D0DCA2721C96881B00FB120E /* Contacts-512.png in Resources */ = {isa = PBXBuildFile; fileRef = D0DCA2711C96881B00FB120E /* Contacts-512.png */; settings = {ASSET_TAGS = (); }; };
		D0DCA2741C968B1600FB120E /* List Filled-100.png in Resources */ = {isa = PBXBuildFile; fileRef = D0DCA2731C968B1600FB120E /* List Filled-100.png */; settings = {ASSET_TAGS = (); }; };
		D0DCA2781C968D5400FB120E /* Wi-Fi-104.png in Resources */ = {isa = PBXBuildFile; fileRef = D0DCA2771C968D5400FB120E /* Wi-Fi-104.png */; settings = {ASSET_TAGS = (); }; };
		D0DCA27A1C96B3BB00FB120E /* radar.jpg in Resources */ = {isa = PBXBuildFile; fileRef = D0DCA2791C96B3BB00FB120E /* radar.jpg */; settings = {ASSET_TAGS = (); }; };
		D0EF5AB51C97BFD600857C3A /* PeripheralTableViewController.swift in Sources */ = {isa = PBXBuildFile; fileRef = D0EF5AB41C97BFD600857C3A /* PeripheralTableViewController.swift */; settings = {ASSET_TAGS = (); }; };
/* End PBXBuildFile section */

/* Begin PBXFileReference section */
		80392CD5AE5CE3E4DC8A2170 /* Pods-TreeBlue.debug.xcconfig */ = {isa = PBXFileReference; includeInIndex = 1; lastKnownFileType = text.xcconfig; name = "Pods-TreeBlue.debug.xcconfig"; path = "Pods/Target Support Files/Pods-TreeBlue/Pods-TreeBlue.debug.xcconfig"; sourceTree = "<group>"; };
		ACC4F74FC97E8392515FBC9F /* Pods_TreeBlue.framework */ = {isa = PBXFileReference; explicitFileType = wrapper.framework; includeInIndex = 0; path = Pods_TreeBlue.framework; sourceTree = BUILT_PRODUCTS_DIR; };
		B3F1EBE97547486882E00A6F /* Pods-TreeBlue.release.xcconfig */ = {isa = PBXFileReference; includeInIndex = 1; lastKnownFileType = text.xcconfig; name = "Pods-TreeBlue.release.xcconfig"; path = "Pods/Target Support Files/Pods-TreeBlue/Pods-TreeBlue.release.xcconfig"; sourceTree = "<group>"; };
		D01362001C8EBF3D000A3D9F /* TreeBlue.app */ = {isa = PBXFileReference; explicitFileType = wrapper.application; includeInIndex = 0; path = TreeBlue.app; sourceTree = BUILT_PRODUCTS_DIR; };
		D01362031C8EBF3D000A3D9F /* AppDelegate.swift */ = {isa = PBXFileReference; lastKnownFileType = sourcecode.swift; path = AppDelegate.swift; sourceTree = "<group>"; };
		D01362051C8EBF3D000A3D9F /* ViewController.swift */ = {isa = PBXFileReference; lastKnownFileType = sourcecode.swift; path = ViewController.swift; sourceTree = "<group>"; };
		D01362081C8EBF3D000A3D9F /* Base */ = {isa = PBXFileReference; lastKnownFileType = file.storyboard; name = Base; path = Base.lproj/Main.storyboard; sourceTree = "<group>"; };
		D013620A1C8EBF3D000A3D9F /* Assets.xcassets */ = {isa = PBXFileReference; lastKnownFileType = folder.assetcatalog; path = Assets.xcassets; sourceTree = "<group>"; };
		D013620D1C8EBF3D000A3D9F /* Base */ = {isa = PBXFileReference; lastKnownFileType = file.storyboard; name = Base; path = Base.lproj/LaunchScreen.storyboard; sourceTree = "<group>"; };
		D013620F1C8EBF3D000A3D9F /* Info.plist */ = {isa = PBXFileReference; lastKnownFileType = text.plist.xml; path = Info.plist; sourceTree = "<group>"; };
		D01362151C8EBF56000A3D9F /* CoreBluetooth.framework */ = {isa = PBXFileReference; lastKnownFileType = wrapper.framework; name = CoreBluetooth.framework; path = System/Library/Frameworks/CoreBluetooth.framework; sourceTree = SDKROOT; };
		D01362171C8EBF86000A3D9F /* TBDefaults.swift */ = {isa = PBXFileReference; fileEncoding = 4; lastKnownFileType = sourcecode.swift; path = TBDefaults.swift; sourceTree = "<group>"; };
		D0D257F21C8ED3EF002CC55E /* BLEEnumExtension.swift */ = {isa = PBXFileReference; fileEncoding = 4; lastKnownFileType = sourcecode.swift; path = BLEEnumExtension.swift; sourceTree = "<group>"; };
		D0DCA2711C96881B00FB120E /* Contacts-512.png */ = {isa = PBXFileReference; lastKnownFileType = image.png; path = "Contacts-512.png"; sourceTree = "<group>"; };
		D0DCA2731C968B1600FB120E /* List Filled-100.png */ = {isa = PBXFileReference; lastKnownFileType = image.png; path = "List Filled-100.png"; sourceTree = "<group>"; };
		D0DCA2771C968D5400FB120E /* Wi-Fi-104.png */ = {isa = PBXFileReference; lastKnownFileType = image.png; path = "Wi-Fi-104.png"; sourceTree = "<group>"; };
		D0DCA2791C96B3BB00FB120E /* radar.jpg */ = {isa = PBXFileReference; lastKnownFileType = image.jpeg; path = radar.jpg; sourceTree = "<group>"; };
		D0EF5AB41C97BFD600857C3A /* PeripheralTableViewController.swift */ = {isa = PBXFileReference; fileEncoding = 4; lastKnownFileType = sourcecode.swift; path = PeripheralTableViewController.swift; sourceTree = "<group>"; };
/* End PBXFileReference section */

/* Begin PBXFrameworksBuildPhase section */
		D01361FD1C8EBF3D000A3D9F /* Frameworks */ = {
			isa = PBXFrameworksBuildPhase;
			buildActionMask = 2147483647;
			files = (
				D01362161C8EBF56000A3D9F /* CoreBluetooth.framework in Frameworks */,
				76CD8C63B7AC04A352C7AA60 /* Pods_TreeBlue.framework in Frameworks */,
			);
			runOnlyForDeploymentPostprocessing = 0;
		};
/* End PBXFrameworksBuildPhase section */

/* Begin PBXGroup section */
		CFBDCDFDDB0C4C25441B367A /* Frameworks */ = {
			isa = PBXGroup;
			children = (
				ACC4F74FC97E8392515FBC9F /* Pods_TreeBlue.framework */,
			);
			name = Frameworks;
			sourceTree = "<group>";
		};
		D01361F71C8EBF3D000A3D9F = {
			isa = PBXGroup;
			children = (
				D01362151C8EBF56000A3D9F /* CoreBluetooth.framework */,
				D01362021C8EBF3D000A3D9F /* TreeBlue */,
				D01362011C8EBF3D000A3D9F /* Products */,
				F271D064A4B6338854703A89 /* Pods */,
				CFBDCDFDDB0C4C25441B367A /* Frameworks */,
			);
			sourceTree = "<group>";
		};
		D01362011C8EBF3D000A3D9F /* Products */ = {
			isa = PBXGroup;
			children = (
				D01362001C8EBF3D000A3D9F /* TreeBlue.app */,
			);
			name = Products;
			sourceTree = "<group>";
		};
		D01362021C8EBF3D000A3D9F /* TreeBlue */ = {
			isa = PBXGroup;
			children = (
				D09C6AC71C96582E005C9ADC /* assets */,
				D01362031C8EBF3D000A3D9F /* AppDelegate.swift */,
				D0D257F21C8ED3EF002CC55E /* BLEEnumExtension.swift */,
				D01362051C8EBF3D000A3D9F /* ViewController.swift */,
				D0EF5AB41C97BFD600857C3A /* PeripheralTableViewController.swift */,
				D01362171C8EBF86000A3D9F /* TBDefaults.swift */,
				D01362071C8EBF3D000A3D9F /* Main.storyboard */,
				D013620A1C8EBF3D000A3D9F /* Assets.xcassets */,
				D013620C1C8EBF3D000A3D9F /* LaunchScreen.storyboard */,
				D013620F1C8EBF3D000A3D9F /* Info.plist */,
			);
			path = TreeBlue;
			sourceTree = "<group>";
		};
		D09C6AC71C96582E005C9ADC /* assets */ = {
			isa = PBXGroup;
			children = (
				D0DCA2791C96B3BB00FB120E /* radar.jpg */,
				D0DCA2771C968D5400FB120E /* Wi-Fi-104.png */,
				D0DCA2731C968B1600FB120E /* List Filled-100.png */,
				D0DCA2711C96881B00FB120E /* Contacts-512.png */,
			);
			name = assets;
			sourceTree = "<group>";
		};
		F271D064A4B6338854703A89 /* Pods */ = {
			isa = PBXGroup;
			children = (
				80392CD5AE5CE3E4DC8A2170 /* Pods-TreeBlue.debug.xcconfig */,
				B3F1EBE97547486882E00A6F /* Pods-TreeBlue.release.xcconfig */,
			);
			name = Pods;
			sourceTree = "<group>";
		};
/* End PBXGroup section */

/* Begin PBXNativeTarget section */
		D01361FF1C8EBF3D000A3D9F /* TreeBlue */ = {
			isa = PBXNativeTarget;
			buildConfigurationList = D01362121C8EBF3D000A3D9F /* Build configuration list for PBXNativeTarget "TreeBlue" */;
			buildPhases = (
				8B3C84DBEFEE9A902FF062A8 /* Check Pods Manifest.lock */,
				D01361FC1C8EBF3D000A3D9F /* Sources */,
				D01361FD1C8EBF3D000A3D9F /* Frameworks */,
				D01361FE1C8EBF3D000A3D9F /* Resources */,
				41B032D65D13FD8A58476FA0 /* Embed Pods Frameworks */,
				108825F8FF7DF86E007374BA /* Copy Pods Resources */,
			);
			buildRules = (
			);
			dependencies = (
			);
			name = TreeBlue;
			productName = TreeBlue;
			productReference = D01362001C8EBF3D000A3D9F /* TreeBlue.app */;
			productType = "com.apple.product-type.application";
		};
/* End PBXNativeTarget section */

/* Begin PBXProject section */
		D01361F81C8EBF3D000A3D9F /* Project object */ = {
			isa = PBXProject;
			attributes = {
				LastUpgradeCheck = 0700;
				ORGANIZATIONNAME = wwwins;
				TargetAttributes = {
					D01361FF1C8EBF3D000A3D9F = {
						CreatedOnToolsVersion = 7.0.1;
					};
				};
			};
			buildConfigurationList = D01361FB1C8EBF3D000A3D9F /* Build configuration list for PBXProject "TreeBlue" */;
			compatibilityVersion = "Xcode 3.2";
			developmentRegion = English;
			hasScannedForEncodings = 0;
			knownRegions = (
				en,
				Base,
			);
			mainGroup = D01361F71C8EBF3D000A3D9F;
			productRefGroup = D01362011C8EBF3D000A3D9F /* Products */;
			projectDirPath = "";
			projectRoot = "";
			targets = (
				D01361FF1C8EBF3D000A3D9F /* TreeBlue */,
			);
		};
/* End PBXProject section */

/* Begin PBXResourcesBuildPhase section */
		D01361FE1C8EBF3D000A3D9F /* Resources */ = {
			isa = PBXResourcesBuildPhase;
			buildActionMask = 2147483647;
			files = (
				D0DCA2721C96881B00FB120E /* Contacts-512.png in Resources */,
				D013620E1C8EBF3D000A3D9F /* LaunchScreen.storyboard in Resources */,
				D0DCA27A1C96B3BB00FB120E /* radar.jpg in Resources */,
				D0DCA2741C968B1600FB120E /* List Filled-100.png in Resources */,
				D013620B1C8EBF3D000A3D9F /* Assets.xcassets in Resources */,
				D01362091C8EBF3D000A3D9F /* Main.storyboard in Resources */,
				D0DCA2781C968D5400FB120E /* Wi-Fi-104.png in Resources */,
			);
			runOnlyForDeploymentPostprocessing = 0;
		};
/* End PBXResourcesBuildPhase section */

/* Begin PBXShellScriptBuildPhase section */
		108825F8FF7DF86E007374BA /* Copy Pods Resources */ = {
			isa = PBXShellScriptBuildPhase;
			buildActionMask = 2147483647;
			files = (
			);
			inputPaths = (
			);
			name = "Copy Pods Resources";
			outputPaths = (
			);
			runOnlyForDeploymentPostprocessing = 0;
			shellPath = /bin/sh;
			shellScript = "\"${SRCROOT}/Pods/Target Support Files/Pods-TreeBlue/Pods-TreeBlue-resources.sh\"\n";
			showEnvVarsInLog = 0;
		};
		41B032D65D13FD8A58476FA0 /* Embed Pods Frameworks */ = {
			isa = PBXShellScriptBuildPhase;
			buildActionMask = 2147483647;
			files = (
			);
			inputPaths = (
			);
			name = "Embed Pods Frameworks";
			outputPaths = (
			);
			runOnlyForDeploymentPostprocessing = 0;
			shellPath = /bin/sh;
			shellScript = "\"${SRCROOT}/Pods/Target Support Files/Pods-TreeBlue/Pods-TreeBlue-frameworks.sh\"\n";
			showEnvVarsInLog = 0;
		};
		8B3C84DBEFEE9A902FF062A8 /* Check Pods Manifest.lock */ = {
			isa = PBXShellScriptBuildPhase;
			buildActionMask = 2147483647;
			files = (
			);
			inputPaths = (
			);
			name = "Check Pods Manifest.lock";
			outputPaths = (
			);
			runOnlyForDeploymentPostprocessing = 0;
			shellPath = /bin/sh;
			shellScript = "diff \"${PODS_ROOT}/../Podfile.lock\" \"${PODS_ROOT}/Manifest.lock\" > /dev/null\nif [[ $? != 0 ]] ; then\n    cat << EOM\nerror: The sandbox is not in sync with the Podfile.lock. Run 'pod install' or update your CocoaPods installation.\nEOM\n    exit 1\nfi\n";
			showEnvVarsInLog = 0;
		};
/* End PBXShellScriptBuildPhase section */

/* Begin PBXSourcesBuildPhase section */
		D01361FC1C8EBF3D000A3D9F /* Sources */ = {
			isa = PBXSourcesBuildPhase;
			buildActionMask = 2147483647;
			files = (
				D01362181C8EBF86000A3D9F /* TBDefaults.swift in Sources */,
				D0EF5AB51C97BFD600857C3A /* PeripheralTableViewController.swift in Sources */,
				D01362061C8EBF3D000A3D9F /* ViewController.swift in Sources */,
				D0D257F31C8ED3F0002CC55E /* BLEEnumExtension.swift in Sources */,
				D01362041C8EBF3D000A3D9F /* AppDelegate.swift in Sources */,
			);
			runOnlyForDeploymentPostprocessing = 0;
		};
/* End PBXSourcesBuildPhase section */

/* Begin PBXVariantGroup section */
		D01362071C8EBF3D000A3D9F /* Main.storyboard */ = {
			isa = PBXVariantGroup;
			children = (
				D01362081C8EBF3D000A3D9F /* Base */,
			);
			name = Main.storyboard;
			sourceTree = "<group>";
		};
		D013620C1C8EBF3D000A3D9F /* LaunchScreen.storyboard */ = {
			isa = PBXVariantGroup;
			children = (
				D013620D1C8EBF3D000A3D9F /* Base */,
			);
			name = LaunchScreen.storyboard;
			sourceTree = "<group>";
		};
/* End PBXVariantGroup section */

/* Begin XCBuildConfiguration section */
		D01362101C8EBF3D000A3D9F /* Debug */ = {
			isa = XCBuildConfiguration;
			buildSettings = {
				ALWAYS_SEARCH_USER_PATHS = NO;
				CLANG_CXX_LANGUAGE_STANDARD = "gnu++0x";
				CLANG_CXX_LIBRARY = "libc++";
				CLANG_ENABLE_MODULES = YES;
				CLANG_ENABLE_OBJC_ARC = YES;
				CLANG_WARN_BOOL_CONVERSION = YES;
				CLANG_WARN_CONSTANT_CONVERSION = YES;
				CLANG_WARN_DIRECT_OBJC_ISA_USAGE = YES_ERROR;
				CLANG_WARN_EMPTY_BODY = YES;
				CLANG_WARN_ENUM_CONVERSION = YES;
				CLANG_WARN_INT_CONVERSION = YES;
				CLANG_WARN_OBJC_ROOT_CLASS = YES_ERROR;
				CLANG_WARN_UNREACHABLE_CODE = YES;
				CLANG_WARN__DUPLICATE_METHOD_MATCH = YES;
				"CODE_SIGN_IDENTITY[sdk=iphoneos*]" = "iPhone Developer";
				COPY_PHASE_STRIP = NO;
				DEBUG_INFORMATION_FORMAT = dwarf;
				ENABLE_STRICT_OBJC_MSGSEND = YES;
				ENABLE_TESTABILITY = YES;
				GCC_C_LANGUAGE_STANDARD = gnu99;
				GCC_DYNAMIC_NO_PIC = NO;
				GCC_NO_COMMON_BLOCKS = YES;
				GCC_OPTIMIZATION_LEVEL = 0;
				GCC_PREPROCESSOR_DEFINITIONS = (
					"DEBUG=1",
					"$(inherited)",
				);
				GCC_WARN_64_TO_32_BIT_CONVERSION = YES;
				GCC_WARN_ABOUT_RETURN_TYPE = YES_ERROR;
				GCC_WARN_UNDECLARED_SELECTOR = YES;
				GCC_WARN_UNINITIALIZED_AUTOS = YES_AGGRESSIVE;
				GCC_WARN_UNUSED_FUNCTION = YES;
				GCC_WARN_UNUSED_VARIABLE = YES;
				IPHONEOS_DEPLOYMENT_TARGET = 9.0;
				MTL_ENABLE_DEBUG_INFO = YES;
				ONLY_ACTIVE_ARCH = YES;
				SDKROOT = iphoneos;
				SWIFT_OPTIMIZATION_LEVEL = "-Onone";
				TARGETED_DEVICE_FAMILY = "1,2";
			};
			name = Debug;
		};
		D01362111C8EBF3D000A3D9F /* Release */ = {
			isa = XCBuildConfiguration;
			buildSettings = {
				ALWAYS_SEARCH_USER_PATHS = NO;
				CLANG_CXX_LANGUAGE_STANDARD = "gnu++0x";
				CLANG_CXX_LIBRARY = "libc++";
				CLANG_ENABLE_MODULES = YES;
				CLANG_ENABLE_OBJC_ARC = YES;
				CLANG_WARN_BOOL_CONVERSION = YES;
				CLANG_WARN_CONSTANT_CONVERSION = YES;
				CLANG_WARN_DIRECT_OBJC_ISA_USAGE = YES_ERROR;
				CLANG_WARN_EMPTY_BODY = YES;
				CLANG_WARN_ENUM_CONVERSION = YES;
				CLANG_WARN_INT_CONVERSION = YES;
				CLANG_WARN_OBJC_ROOT_CLASS = YES_ERROR;
				CLANG_WARN_UNREACHABLE_CODE = YES;
				CLANG_WARN__DUPLICATE_METHOD_MATCH = YES;
				"CODE_SIGN_IDENTITY[sdk=iphoneos*]" = "iPhone Developer";
				COPY_PHASE_STRIP = NO;
				DEBUG_INFORMATION_FORMAT = "dwarf-with-dsym";
				ENABLE_NS_ASSERTIONS = NO;
				ENABLE_STRICT_OBJC_MSGSEND = YES;
				GCC_C_LANGUAGE_STANDARD = gnu99;
				GCC_NO_COMMON_BLOCKS = YES;
				GCC_WARN_64_TO_32_BIT_CONVERSION = YES;
				GCC_WARN_ABOUT_RETURN_TYPE = YES_ERROR;
				GCC_WARN_UNDECLARED_SELECTOR = YES;
				GCC_WARN_UNINITIALIZED_AUTOS = YES_AGGRESSIVE;
				GCC_WARN_UNUSED_FUNCTION = YES;
				GCC_WARN_UNUSED_VARIABLE = YES;
				IPHONEOS_DEPLOYMENT_TARGET = 9.0;
				MTL_ENABLE_DEBUG_INFO = NO;
				SDKROOT = iphoneos;
				TARGETED_DEVICE_FAMILY = "1,2";
				VALIDATE_PRODUCT = YES;
			};
			name = Release;
		};
		D01362131C8EBF3D000A3D9F /* Debug */ = {
			isa = XCBuildConfiguration;
			baseConfigurationReference = 80392CD5AE5CE3E4DC8A2170 /* Pods-TreeBlue.debug.xcconfig */;
			buildSettings = {
				ASSETCATALOG_COMPILER_APPICON_NAME = AppIcon;
				FRAMEWORK_SEARCH_PATHS = "";
				INFOPLIST_FILE = TreeBlue/Info.plist;
				LD_RUNPATH_SEARCH_PATHS = "$(inherited) @executable_path/Frameworks";
				PRODUCT_BUNDLE_IDENTIFIER = com.isobar.TreeBlue;
				PRODUCT_NAME = "$(TARGET_NAME)";
			};
			name = Debug;
		};
		D01362141C8EBF3D000A3D9F /* Release */ = {
			isa = XCBuildConfiguration;
			baseConfigurationReference = B3F1EBE97547486882E00A6F /* Pods-TreeBlue.release.xcconfig */;
			buildSettings = {
				ASSETCATALOG_COMPILER_APPICON_NAME = AppIcon;
				FRAMEWORK_SEARCH_PATHS = "";
				INFOPLIST_FILE = TreeBlue/Info.plist;
				LD_RUNPATH_SEARCH_PATHS = "$(inherited) @executable_path/Frameworks";
				PRODUCT_BUNDLE_IDENTIFIER = com.isobar.TreeBlue;
				PRODUCT_NAME = "$(TARGET_NAME)";
			};
			name = Release;
		};
/* End XCBuildConfiguration section */

/* Begin XCConfigurationList section */
		D01361FB1C8EBF3D000A3D9F /* Build configuration list for PBXProject "TreeBlue" */ = {
			isa = XCConfigurationList;
			buildConfigurations = (
				D01362101C8EBF3D000A3D9F /* Debug */,
				D01362111C8EBF3D000A3D9F /* Release */,
			);
			defaultConfigurationIsVisible = 0;
			defaultConfigurationName = Release;
		};
		D01362121C8EBF3D000A3D9F /* Build configuration list for PBXNativeTarget "TreeBlue" */ = {
			isa = XCConfigurationList;
			buildConfigurations = (
				D01362131C8EBF3D000A3D9F /* Debug */,
				D01362141C8EBF3D000A3D9F /* Release */,
			);
			defaultConfigurationIsVisible = 0;
			defaultConfigurationName = Release;
		};
/* End XCConfigurationList section */
	};
	rootObject = D01361F81C8EBF3D000A3D9F /* Project object */;
}
